
Microsoft Visual Studio Solution File, Format Version 12.00
# Visual Studio Version 17
VisualStudioVersion = 17.14.36408.4 d17.14
MinimumVisualStudioVersion = 10.0.40219.1
Project("{FAE04EC0-301F-11D3-BF4B-00C04F79EFBC}") = "Order.Api", "Order.Api\Order.Api.csproj", "{2D9EA4E9-98DA-49AD-B133-60B1F0DEC9EF}"
EndProject
Project("{FAE04EC0-301F-11D3-BF4B-00C04F79EFBC}") = "Stock.Api", "Stock.Api\Stock.Api.csproj", "{A38DA49A-1584-4903-8CDF-B8BDBF9DC852}"
EndProject
Project("{FAE04EC0-301F-11D3-BF4B-00C04F79EFBC}") = "Payment.Api", "Payment.Api\Payment.Api.csproj", "{3A650C30-C528-4A49-83EB-F66543729807}"
EndProject
Project("{FAE04EC0-301F-11D3-BF4B-00C04F79EFBC}") = "Shared", "Shared\Shared.csproj", "{F1EFFC10-E38A-43E7-8260-AA61B2778E38}"
EndProject
Global
	GlobalSection(SolutionConfigurationPlatforms) = preSolution
		Debug|Any CPU = Debug|Any CPU
		Release|Any CPU = Release|Any CPU
	EndGlobalSection
	GlobalSection(ProjectConfigurationPlatforms) = postSolution
		{2D9EA4E9-98DA-49AD-B133-60B1F0DEC9EF}.Debug|Any CPU.ActiveCfg = Debug|Any CPU
		{2D9EA4E9-98DA-49AD-B133-60B1F0DEC9EF}.Debug|Any CPU.Build.0 = Debug|Any CPU
		{2D9EA4E9-98DA-49AD-B133-60B1F0DEC9EF}.Release|Any CPU.ActiveCfg = Release|Any CPU
		{2D9EA4E9-98DA-49AD-B133-60B1F0DEC9EF}.Release|Any CPU.Build.0 = Release|Any CPU
		{A38DA49A-1584-4903-8CDF-B8BDBF9DC852}.Debug|Any CPU.ActiveCfg = Debug|Any CPU
		{A38DA49A-1584-4903-8CDF-B8BDBF9DC852}.Debug|Any CPU.Build.0 = Debug|Any CPU
		{A38DA49A-1584-4903-8CDF-B8BDBF9DC852}.Release|Any CPU.ActiveCfg = Release|Any CPU
		{A38DA49A-1584-4903-8CDF-B8BDBF9DC852}.Release|Any CPU.Build.0 = Release|Any CPU
		{3A650C30-C528-4A49-83EB-F66543729807}.Debug|Any CPU.ActiveCfg = Debug|Any CPU
		{3A650C30-C528-4A49-83EB-F66543729807}.Debug|Any CPU.Build.0 = Debug|Any CPU
		{3A650C30-C528-4A49-83EB-F66543729807}.Release|Any CPU.ActiveCfg = Release|Any CPU
		{3A650C30-C528-4A49-83EB-F66543729807}.Release|Any CPU.Build.0 = Release|Any CPU
		{F1EFFC10-E38A-43E7-8260-AA61B2778E38}.Debug|Any CPU.ActiveCfg = Debug|Any CPU
		{F1EFFC10-E38A-43E7-8260-AA61B2778E38}.Debug|Any CPU.Build.0 = Debug|Any CPU
		{F1EFFC10-E38A-43E7-8260-AA61B2778E38}.Release|Any CPU.ActiveCfg = Release|Any CPU
		{F1EFFC10-E38A-43E7-8260-AA61B2778E38}.Release|Any CPU.Build.0 = Release|Any CPU
	EndGlobalSection
	GlobalSection(SolutionProperties) = preSolution
		HideSolutionNode = FALSE
	EndGlobalSection
	GlobalSection(ExtensibilityGlobals) = postSolution
		SolutionGuid = {A5BEC271-A4CD-449D-BE6D-DBC9D9FA5F11}
	EndGlobalSection
EndGlobal
